
Microsoft Visual Studio Solution File, Format Version 12.00
# Visual Studio Version 17
VisualStudioVersion = 17.3.32922.545
MinimumVisualStudioVersion = 10.0.40219.1
Project("{9A19103F-16F7-4668-BE54-9A1E7A4F7556}") = "proyecto_Final", "proyecto_Final\proyecto_Final.csproj", "{D89B36E8-D9D3-450F-8A94-29CA3A0BE1C9}"
EndProject
Project("{7CF6DF6D-3B04-46F8-A40B-537D21BCA0B4}") = "Documentation1", "Documentation1\Documentation1.shfbproj", "{C851021C-7FB7-44CD-8B67-13E3204A221E}"
EndProject
Global
	GlobalSection(SolutionConfigurationPlatforms) = preSolution
		Debug|Any CPU = Debug|Any CPU
		Release|Any CPU = Release|Any CPU
	EndGlobalSection
	GlobalSection(ProjectConfigurationPlatforms) = postSolution
		{D89B36E8-D9D3-450F-8A94-29CA3A0BE1C9}.Debug|Any CPU.ActiveCfg = Debug|Any CPU
		{D89B36E8-D9D3-450F-8A94-29CA3A0BE1C9}.Debug|Any CPU.Build.0 = Debug|Any CPU
		{D89B36E8-D9D3-450F-8A94-29CA3A0BE1C9}.Release|Any CPU.ActiveCfg = Release|Any CPU
		{D89B36E8-D9D3-450F-8A94-29CA3A0BE1C9}.Release|Any CPU.Build.0 = Release|Any CPU
		{C851021C-7FB7-44CD-8B67-13E3204A221E}.Debug|Any CPU.ActiveCfg = Debug|Any CPU
		{C851021C-7FB7-44CD-8B67-13E3204A221E}.Debug|Any CPU.Build.0 = Debug|Any CPU
		{C851021C-7FB7-44CD-8B67-13E3204A221E}.Release|Any CPU.ActiveCfg = Release|Any CPU
		{C851021C-7FB7-44CD-8B67-13E3204A221E}.Release|Any CPU.Build.0 = Release|Any CPU
	EndGlobalSection
	GlobalSection(SolutionProperties) = preSolution
		HideSolutionNode = FALSE
	EndGlobalSection
	GlobalSection(ExtensibilityGlobals) = postSolution
		SolutionGuid = {4AFD0079-D3D8-47F3-920F-36FA0000037D}
	EndGlobalSection
EndGlobal
